
Microsoft Visual Studio Solution File, Format Version 12.00
# Visual Studio 14
VisualStudioVersion = 14.0.25123.0
MinimumVisualStudioVersion = 10.0.40219.1
Project("{FAE04EC0-301F-11D3-BF4B-00C04F79EFBC}") = "Exemplo 1.1", "Exemplo 1.1\Exemplo 1.1.csproj", "{A5B527C3-ED1E-4239-8FC2-3A4F169B2ED2}"
EndProject
Project("{FAE04EC0-301F-11D3-BF4B-00C04F79EFBC}") = "Exemplo 1.2", "Exemplo 1.2\Exemplo 1.2.csproj", "{75D79A9F-EDE7-454B-9B0A-EE3650D5F5DF}"
EndProject
Project("{FAE04EC0-301F-11D3-BF4B-00C04F79EFBC}") = "Exemplo 1.3", "Exemplo 1.3\Exemplo 1.3.csproj", "{21A832C8-8849-4CB0-A7CC-16B1AC71D655}"
EndProject
Project("{FAE04EC0-301F-11D3-BF4B-00C04F79EFBC}") = "Exemplo 1.4", "Exemplo 1.4\Exemplo 1.4.csproj", "{301F612B-360B-4332-91EB-08539F8956B5}"
EndProject
Project("{FAE04EC0-301F-11D3-BF4B-00C04F79EFBC}") = "Exemplo 1.5", "Exemplo 1.5\Exemplo 1.5.csproj", "{0C36288C-C4A2-40C8-93B4-C1619EFBE11A}"
EndProject
Project("{FAE04EC0-301F-11D3-BF4B-00C04F79EFBC}") = "Exemplo 1.6", "Exemplo 1.6\Exemplo 1.6.csproj", "{4E8DDD51-5F9B-4553-9EE2-C61E52D1A61F}"
EndProject
Global
	GlobalSection(SolutionConfigurationPlatforms) = preSolution
		Debug|Any CPU = Debug|Any CPU
		Release|Any CPU = Release|Any CPU
	EndGlobalSection
	GlobalSection(ProjectConfigurationPlatforms) = postSolution
		{A5B527C3-ED1E-4239-8FC2-3A4F169B2ED2}.Debug|Any CPU.ActiveCfg = Debug|Any CPU
		{A5B527C3-ED1E-4239-8FC2-3A4F169B2ED2}.Debug|Any CPU.Build.0 = Debug|Any CPU
		{A5B527C3-ED1E-4239-8FC2-3A4F169B2ED2}.Release|Any CPU.ActiveCfg = Release|Any CPU
		{A5B527C3-ED1E-4239-8FC2-3A4F169B2ED2}.Release|Any CPU.Build.0 = Release|Any CPU
		{75D79A9F-EDE7-454B-9B0A-EE3650D5F5DF}.Debug|Any CPU.ActiveCfg = Debug|Any CPU
		{75D79A9F-EDE7-454B-9B0A-EE3650D5F5DF}.Debug|Any CPU.Build.0 = Debug|Any CPU
		{75D79A9F-EDE7-454B-9B0A-EE3650D5F5DF}.Release|Any CPU.ActiveCfg = Release|Any CPU
		{75D79A9F-EDE7-454B-9B0A-EE3650D5F5DF}.Release|Any CPU.Build.0 = Release|Any CPU
		{21A832C8-8849-4CB0-A7CC-16B1AC71D655}.Debug|Any CPU.ActiveCfg = Debug|Any CPU
		{21A832C8-8849-4CB0-A7CC-16B1AC71D655}.Debug|Any CPU.Build.0 = Debug|Any CPU
		{21A832C8-8849-4CB0-A7CC-16B1AC71D655}.Release|Any CPU.ActiveCfg = Release|Any CPU
		{21A832C8-8849-4CB0-A7CC-16B1AC71D655}.Release|Any CPU.Build.0 = Release|Any CPU
		{301F612B-360B-4332-91EB-08539F8956B5}.Debug|Any CPU.ActiveCfg = Debug|Any CPU
		{301F612B-360B-4332-91EB-08539F8956B5}.Debug|Any CPU.Build.0 = Debug|Any CPU
		{301F612B-360B-4332-91EB-08539F8956B5}.Release|Any CPU.ActiveCfg = Release|Any CPU
		{301F612B-360B-4332-91EB-08539F8956B5}.Release|Any CPU.Build.0 = Release|Any CPU
		{0C36288C-C4A2-40C8-93B4-C1619EFBE11A}.Debug|Any CPU.ActiveCfg = Debug|Any CPU
		{0C36288C-C4A2-40C8-93B4-C1619EFBE11A}.Debug|Any CPU.Build.0 = Debug|Any CPU
		{0C36288C-C4A2-40C8-93B4-C1619EFBE11A}.Release|Any CPU.ActiveCfg = Release|Any CPU
		{0C36288C-C4A2-40C8-93B4-C1619EFBE11A}.Release|Any CPU.Build.0 = Release|Any CPU
		{4E8DDD51-5F9B-4553-9EE2-C61E52D1A61F}.Debug|Any CPU.ActiveCfg = Debug|Any CPU
		{4E8DDD51-5F9B-4553-9EE2-C61E52D1A61F}.Debug|Any CPU.Build.0 = Debug|Any CPU
		{4E8DDD51-5F9B-4553-9EE2-C61E52D1A61F}.Release|Any CPU.ActiveCfg = Release|Any CPU
		{4E8DDD51-5F9B-4553-9EE2-C61E52D1A61F}.Release|Any CPU.Build.0 = Release|Any CPU
	EndGlobalSection
	GlobalSection(SolutionProperties) = preSolution
		HideSolutionNode = FALSE
	EndGlobalSection
EndGlobal
