
Microsoft Visual Studio Solution File, Format Version 12.00
# Visual Studio 14
VisualStudioVersion = 14.0.25123.0
MinimumVisualStudioVersion = 10.0.40219.1
Project("{FAE04EC0-301F-11D3-BF4B-00C04F79EFBC}") = "Exemplo 1.1", "Exemplo 1.1\Exemplo 1.1.csproj", "{A5B527C3-ED1E-4239-8FC2-3A4F169B2ED2}"
EndProject
Project("{FAE04EC0-301F-11D3-BF4B-00C04F79EFBC}") = "Exemplo 1.2", "Exemplo 1.2\Exemplo 1.2.csproj", "{75D79A9F-EDE7-454B-9B0A-EE3650D5F5DF}"
EndProject
Project("{FAE04EC0-301F-11D3-BF4B-00C04F79EFBC}") = "Exemplo 1.3", "Exemplo 1.3\Exemplo 1.3.csproj", "{21A832C8-8849-4CB0-A7CC-16B1AC71D655}"
EndProject
Project("{FAE04EC0-301F-11D3-BF4B-00C04F79EFBC}") = "Exemplo 1.4", "Exemplo 1.4\Exemplo 1.4.csproj", "{301F612B-360B-4332-91EB-08539F8956B5}"
EndProject
Project("{FAE04EC0-301F-11D3-BF4B-00C04F79EFBC}") = "Exemplo 1.5", "Exemplo 1.5\Exemplo 1.5.csproj", "{0C36288C-C4A2-40C8-93B4-C1619EFBE11A}"
EndProject
Project("{FAE04EC0-301F-11D3-BF4B-00C04F79EFBC}") = "Exemplo 1.6", "Exemplo 1.6\Exemplo 1.6.csproj", "{4E8DDD51-5F9B-4553-9EE2-C61E52D1A61F}"
EndProject
Project("{FAE04EC0-301F-11D3-BF4B-00C04F79EFBC}") = "Exemplo 1.7", "Exemplo 1.7\Exemplo 1.7.csproj", "{AFB9D410-6F0E-4E44-BD78-962F03C3A87B}"
EndProject
Project("{FAE04EC0-301F-11D3-BF4B-00C04F79EFBC}") = "Exemplo 1.8", "Exemplo 1.8\Exemplo 1.8.csproj", "{9EF0BA82-B3B6-4925-90D3-EBE517BC53DA}"
EndProject
Project("{FAE04EC0-301F-11D3-BF4B-00C04F79EFBC}") = "Exemplo 1.9", "Exemplo 1.9\Exemplo 1.9.csproj", "{62AC8B18-1369-4178-A30F-3DF355569713}"
EndProject
Project("{FAE04EC0-301F-11D3-BF4B-00C04F79EFBC}") = "Exemplo 1.10", "Exemplo 1.10\Exemplo 1.10.csproj", "{7CA6070C-7A49-4D05-851D-6DD86064029B}"
EndProject
Project("{FAE04EC0-301F-11D3-BF4B-00C04F79EFBC}") = "Exemplo 1.11", "Exemplo 1.11\Exemplo 1.11.csproj", "{E5A01DB4-EE11-4D40-A4B0-69D7257B975E}"
EndProject
Project("{FAE04EC0-301F-11D3-BF4B-00C04F79EFBC}") = "Exemplo 1.12", "Exemplo 1.12\Exemplo 1.12.csproj", "{3FF9D65C-0B57-46E5-826D-181BF31F3701}"
EndProject
Project("{FAE04EC0-301F-11D3-BF4B-00C04F79EFBC}") = "Exemplo 1.13", "Exemplo 1.13\Exemplo 1.13.csproj", "{2DD90F54-DDB0-4DCA-B887-E2158940B388}"
EndProject
Project("{FAE04EC0-301F-11D3-BF4B-00C04F79EFBC}") = "Exemplo 1.14", "Exemplo 1.14\Exemplo 1.14.csproj", "{7FE91E64-A44E-4D8F-B90B-C5E3066F3E28}"
EndProject
Project("{FAE04EC0-301F-11D3-BF4B-00C04F79EFBC}") = "Exemplo 1.15", "Exemplo 1.15\Exemplo 1.15.csproj", "{9AF00D28-2F32-40D4-96E4-C3CFD8E5D4D5}"
EndProject
Project("{FAE04EC0-301F-11D3-BF4B-00C04F79EFBC}") = "Exemplo 1.16", "Exemplo 1.16\Exemplo 1.16.csproj", "{70D756E7-4D8C-445A-924F-F4DF4C44DA4E}"
EndProject
Project("{FAE04EC0-301F-11D3-BF4B-00C04F79EFBC}") = "Exemplo 1.17", "Exemplo 1.17\Exemplo 1.17.csproj", "{93C2D439-09E8-46D4-960A-FB5718221949}"
EndProject
Project("{FAE04EC0-301F-11D3-BF4B-00C04F79EFBC}") = "Exemplo 1.18", "Exemplo 1.18\Exemplo 1.18.csproj", "{902AF722-6480-4C8F-9D4F-F911AE765508}"
EndProject
Project("{FAE04EC0-301F-11D3-BF4B-00C04F79EFBC}") = "Exemplo 1.19", "Exemplo 1.19\Exemplo 1.19.csproj", "{31763E11-E8FB-4640-8857-69A0C32346A3}"
EndProject
Project("{FAE04EC0-301F-11D3-BF4B-00C04F79EFBC}") = "Exemplo 1.20", "Exemplo 1.20\Exemplo 1.20.csproj", "{6FB29D16-8763-47D2-B7E1-7ADA07B42BBF}"
EndProject
Global
	GlobalSection(SolutionConfigurationPlatforms) = preSolution
		Debug|Any CPU = Debug|Any CPU
		Release|Any CPU = Release|Any CPU
	EndGlobalSection
	GlobalSection(ProjectConfigurationPlatforms) = postSolution
		{A5B527C3-ED1E-4239-8FC2-3A4F169B2ED2}.Debug|Any CPU.ActiveCfg = Debug|Any CPU
		{A5B527C3-ED1E-4239-8FC2-3A4F169B2ED2}.Debug|Any CPU.Build.0 = Debug|Any CPU
		{A5B527C3-ED1E-4239-8FC2-3A4F169B2ED2}.Release|Any CPU.ActiveCfg = Release|Any CPU
		{A5B527C3-ED1E-4239-8FC2-3A4F169B2ED2}.Release|Any CPU.Build.0 = Release|Any CPU
		{75D79A9F-EDE7-454B-9B0A-EE3650D5F5DF}.Debug|Any CPU.ActiveCfg = Debug|Any CPU
		{75D79A9F-EDE7-454B-9B0A-EE3650D5F5DF}.Debug|Any CPU.Build.0 = Debug|Any CPU
		{75D79A9F-EDE7-454B-9B0A-EE3650D5F5DF}.Release|Any CPU.ActiveCfg = Release|Any CPU
		{75D79A9F-EDE7-454B-9B0A-EE3650D5F5DF}.Release|Any CPU.Build.0 = Release|Any CPU
		{21A832C8-8849-4CB0-A7CC-16B1AC71D655}.Debug|Any CPU.ActiveCfg = Debug|Any CPU
		{21A832C8-8849-4CB0-A7CC-16B1AC71D655}.Debug|Any CPU.Build.0 = Debug|Any CPU
		{21A832C8-8849-4CB0-A7CC-16B1AC71D655}.Release|Any CPU.ActiveCfg = Release|Any CPU
		{21A832C8-8849-4CB0-A7CC-16B1AC71D655}.Release|Any CPU.Build.0 = Release|Any CPU
		{301F612B-360B-4332-91EB-08539F8956B5}.Debug|Any CPU.ActiveCfg = Debug|Any CPU
		{301F612B-360B-4332-91EB-08539F8956B5}.Debug|Any CPU.Build.0 = Debug|Any CPU
		{301F612B-360B-4332-91EB-08539F8956B5}.Release|Any CPU.ActiveCfg = Release|Any CPU
		{301F612B-360B-4332-91EB-08539F8956B5}.Release|Any CPU.Build.0 = Release|Any CPU
		{0C36288C-C4A2-40C8-93B4-C1619EFBE11A}.Debug|Any CPU.ActiveCfg = Debug|Any CPU
		{0C36288C-C4A2-40C8-93B4-C1619EFBE11A}.Debug|Any CPU.Build.0 = Debug|Any CPU
		{0C36288C-C4A2-40C8-93B4-C1619EFBE11A}.Release|Any CPU.ActiveCfg = Release|Any CPU
		{0C36288C-C4A2-40C8-93B4-C1619EFBE11A}.Release|Any CPU.Build.0 = Release|Any CPU
		{4E8DDD51-5F9B-4553-9EE2-C61E52D1A61F}.Debug|Any CPU.ActiveCfg = Debug|Any CPU
		{4E8DDD51-5F9B-4553-9EE2-C61E52D1A61F}.Debug|Any CPU.Build.0 = Debug|Any CPU
		{4E8DDD51-5F9B-4553-9EE2-C61E52D1A61F}.Release|Any CPU.ActiveCfg = Release|Any CPU
		{4E8DDD51-5F9B-4553-9EE2-C61E52D1A61F}.Release|Any CPU.Build.0 = Release|Any CPU
		{AFB9D410-6F0E-4E44-BD78-962F03C3A87B}.Debug|Any CPU.ActiveCfg = Debug|Any CPU
		{AFB9D410-6F0E-4E44-BD78-962F03C3A87B}.Debug|Any CPU.Build.0 = Debug|Any CPU
		{AFB9D410-6F0E-4E44-BD78-962F03C3A87B}.Release|Any CPU.ActiveCfg = Release|Any CPU
		{AFB9D410-6F0E-4E44-BD78-962F03C3A87B}.Release|Any CPU.Build.0 = Release|Any CPU
		{9EF0BA82-B3B6-4925-90D3-EBE517BC53DA}.Debug|Any CPU.ActiveCfg = Debug|Any CPU
		{9EF0BA82-B3B6-4925-90D3-EBE517BC53DA}.Debug|Any CPU.Build.0 = Debug|Any CPU
		{9EF0BA82-B3B6-4925-90D3-EBE517BC53DA}.Release|Any CPU.ActiveCfg = Release|Any CPU
		{9EF0BA82-B3B6-4925-90D3-EBE517BC53DA}.Release|Any CPU.Build.0 = Release|Any CPU
		{62AC8B18-1369-4178-A30F-3DF355569713}.Debug|Any CPU.ActiveCfg = Debug|Any CPU
		{62AC8B18-1369-4178-A30F-3DF355569713}.Debug|Any CPU.Build.0 = Debug|Any CPU
		{62AC8B18-1369-4178-A30F-3DF355569713}.Release|Any CPU.ActiveCfg = Release|Any CPU
		{62AC8B18-1369-4178-A30F-3DF355569713}.Release|Any CPU.Build.0 = Release|Any CPU
		{7CA6070C-7A49-4D05-851D-6DD86064029B}.Debug|Any CPU.ActiveCfg = Debug|Any CPU
		{7CA6070C-7A49-4D05-851D-6DD86064029B}.Debug|Any CPU.Build.0 = Debug|Any CPU
		{7CA6070C-7A49-4D05-851D-6DD86064029B}.Release|Any CPU.ActiveCfg = Release|Any CPU
		{7CA6070C-7A49-4D05-851D-6DD86064029B}.Release|Any CPU.Build.0 = Release|Any CPU
		{E5A01DB4-EE11-4D40-A4B0-69D7257B975E}.Debug|Any CPU.ActiveCfg = Debug|Any CPU
		{E5A01DB4-EE11-4D40-A4B0-69D7257B975E}.Debug|Any CPU.Build.0 = Debug|Any CPU
		{E5A01DB4-EE11-4D40-A4B0-69D7257B975E}.Release|Any CPU.ActiveCfg = Release|Any CPU
		{E5A01DB4-EE11-4D40-A4B0-69D7257B975E}.Release|Any CPU.Build.0 = Release|Any CPU
		{3FF9D65C-0B57-46E5-826D-181BF31F3701}.Debug|Any CPU.ActiveCfg = Debug|Any CPU
		{3FF9D65C-0B57-46E5-826D-181BF31F3701}.Debug|Any CPU.Build.0 = Debug|Any CPU
		{3FF9D65C-0B57-46E5-826D-181BF31F3701}.Release|Any CPU.ActiveCfg = Release|Any CPU
		{3FF9D65C-0B57-46E5-826D-181BF31F3701}.Release|Any CPU.Build.0 = Release|Any CPU
		{2DD90F54-DDB0-4DCA-B887-E2158940B388}.Debug|Any CPU.ActiveCfg = Debug|Any CPU
		{2DD90F54-DDB0-4DCA-B887-E2158940B388}.Debug|Any CPU.Build.0 = Debug|Any CPU
		{2DD90F54-DDB0-4DCA-B887-E2158940B388}.Release|Any CPU.ActiveCfg = Release|Any CPU
		{2DD90F54-DDB0-4DCA-B887-E2158940B388}.Release|Any CPU.Build.0 = Release|Any CPU
		{7FE91E64-A44E-4D8F-B90B-C5E3066F3E28}.Debug|Any CPU.ActiveCfg = Debug|Any CPU
		{7FE91E64-A44E-4D8F-B90B-C5E3066F3E28}.Debug|Any CPU.Build.0 = Debug|Any CPU
		{7FE91E64-A44E-4D8F-B90B-C5E3066F3E28}.Release|Any CPU.ActiveCfg = Release|Any CPU
		{7FE91E64-A44E-4D8F-B90B-C5E3066F3E28}.Release|Any CPU.Build.0 = Release|Any CPU
		{9AF00D28-2F32-40D4-96E4-C3CFD8E5D4D5}.Debug|Any CPU.ActiveCfg = Debug|Any CPU
		{9AF00D28-2F32-40D4-96E4-C3CFD8E5D4D5}.Debug|Any CPU.Build.0 = Debug|Any CPU
		{9AF00D28-2F32-40D4-96E4-C3CFD8E5D4D5}.Release|Any CPU.ActiveCfg = Release|Any CPU
		{9AF00D28-2F32-40D4-96E4-C3CFD8E5D4D5}.Release|Any CPU.Build.0 = Release|Any CPU
		{70D756E7-4D8C-445A-924F-F4DF4C44DA4E}.Debug|Any CPU.ActiveCfg = Debug|Any CPU
		{70D756E7-4D8C-445A-924F-F4DF4C44DA4E}.Debug|Any CPU.Build.0 = Debug|Any CPU
		{70D756E7-4D8C-445A-924F-F4DF4C44DA4E}.Release|Any CPU.ActiveCfg = Release|Any CPU
		{70D756E7-4D8C-445A-924F-F4DF4C44DA4E}.Release|Any CPU.Build.0 = Release|Any CPU
		{93C2D439-09E8-46D4-960A-FB5718221949}.Debug|Any CPU.ActiveCfg = Debug|Any CPU
		{93C2D439-09E8-46D4-960A-FB5718221949}.Debug|Any CPU.Build.0 = Debug|Any CPU
		{93C2D439-09E8-46D4-960A-FB5718221949}.Release|Any CPU.ActiveCfg = Release|Any CPU
		{93C2D439-09E8-46D4-960A-FB5718221949}.Release|Any CPU.Build.0 = Release|Any CPU
		{902AF722-6480-4C8F-9D4F-F911AE765508}.Debug|Any CPU.ActiveCfg = Debug|Any CPU
		{902AF722-6480-4C8F-9D4F-F911AE765508}.Debug|Any CPU.Build.0 = Debug|Any CPU
		{902AF722-6480-4C8F-9D4F-F911AE765508}.Release|Any CPU.ActiveCfg = Release|Any CPU
		{902AF722-6480-4C8F-9D4F-F911AE765508}.Release|Any CPU.Build.0 = Release|Any CPU
		{31763E11-E8FB-4640-8857-69A0C32346A3}.Debug|Any CPU.ActiveCfg = Debug|Any CPU
		{31763E11-E8FB-4640-8857-69A0C32346A3}.Debug|Any CPU.Build.0 = Debug|Any CPU
		{31763E11-E8FB-4640-8857-69A0C32346A3}.Release|Any CPU.ActiveCfg = Release|Any CPU
		{31763E11-E8FB-4640-8857-69A0C32346A3}.Release|Any CPU.Build.0 = Release|Any CPU
		{6FB29D16-8763-47D2-B7E1-7ADA07B42BBF}.Debug|Any CPU.ActiveCfg = Debug|Any CPU
		{6FB29D16-8763-47D2-B7E1-7ADA07B42BBF}.Debug|Any CPU.Build.0 = Debug|Any CPU
		{6FB29D16-8763-47D2-B7E1-7ADA07B42BBF}.Release|Any CPU.ActiveCfg = Release|Any CPU
		{6FB29D16-8763-47D2-B7E1-7ADA07B42BBF}.Release|Any CPU.Build.0 = Release|Any CPU
	EndGlobalSection
	GlobalSection(SolutionProperties) = preSolution
		HideSolutionNode = FALSE
	EndGlobalSection
EndGlobal
